
Microsoft Visual Studio Solution File, Format Version 12.00
Project("{2150E333-8FDC-42A3-9474-1A3956D46DE8}") = "LeetCode", "LeetCode", "{44AE1D6E-B3C4-4FE5-9D15-8C6DD0075464}"
EndProject
Project("{FAE04EC0-301F-11D3-BF4B-00C04F79EFBC}") = "DailyProblems", "LeetCode\DailyProblems\DailyProblems.csproj", "{579FF05F-EE80-4676-969F-94D7901CC4B8}"
EndProject
Project("{2150E333-8FDC-42A3-9474-1A3956D46DE8}") = "CodeForces", "CodeForces", "{FF62FF68-38DA-4685-8829-0D3179BA3C2C}"
EndProject
Project("{2150E333-8FDC-42A3-9474-1A3956D46DE8}") = "Contests", "Contests", "{81DEFA4E-310F-496C-8C5D-BB5A20D76EC9}"
EndProject
Project("{2150E333-8FDC-42A3-9474-1A3956D46DE8}") = "Round937", "Round937", "{DF6813C8-F579-48B6-88F1-8B0F9BE04BB1}"
EndProject
Project("{FAE04EC0-301F-11D3-BF4B-00C04F79EFBC}") = "ProblemA", "Codeforces\Contests\Round 937\ProblemA\ProblemA.csproj", "{DAC24269-ADB4-412D-A085-989A5421AD6C}"
EndProject
Project("{FAE04EC0-301F-11D3-BF4B-00C04F79EFBC}") = "ProblemB", "Codeforces\Contests\Round 937\ProblemB\ProblemB.csproj", "{126A2EF9-4DC5-4C4C-AF9A-CA015F9CEFE1}"
EndProject
Project("{FAE04EC0-301F-11D3-BF4B-00C04F79EFBC}") = "ProblemC", "Codeforces\Contests\Round 937\ProblemC\ProblemC.csproj", "{D01FD409-F3F9-480A-B07B-7078EBE5B056}"
EndProject
Project("{FAE04EC0-301F-11D3-BF4B-00C04F79EFBC}") = "ProblemD", "Codeforces\Contests\Round 937\ProblemD\ProblemD.csproj", "{20CFE288-C05F-416D-902A-1B641DCE8A16}"
EndProject
Project("{FAE04EC0-301F-11D3-BF4B-00C04F79EFBC}") = "ProblemE", "Codeforces\Contests\Round 937\ProblemE\ProblemE.csproj", "{45784DB6-9641-4F16-A13D-2D4187888896}"
EndProject
Project("{FAE04EC0-301F-11D3-BF4B-00C04F79EFBC}") = "ProblemF", "Codeforces\Contests\Round 937\ProblemF\ProblemF.csproj", "{3FAF87AF-30DB-4929-95AB-B016161A6F7E}"
EndProject
Project("{FAE04EC0-301F-11D3-BF4B-00C04F79EFBC}") = "ProblemG", "Codeforces\Contests\Round 937\ProblemG\ProblemG.csproj", "{952DAD90-6AE9-41E2-A3F0-A1E494EC54E4}"
EndProject
Project("{2150E333-8FDC-42A3-9474-1A3956D46DE8}") = "Round943", "Round943", "{6B1E8B1F-397C-4B12-908D-6701C8B3B271}"
EndProject
Project("{FAE04EC0-301F-11D3-BF4B-00C04F79EFBC}") = "ProblemA", "Codeforces\Contests\Round 943\ProblemA\ProblemA.csproj", "{BCE7A23B-3C82-4FCF-82E9-FFAC3FB3F08D}"
EndProject
Project("{FAE04EC0-301F-11D3-BF4B-00C04F79EFBC}") = "ProblemB", "Codeforces\Contests\Round 943\ProblemB\ProblemB.csproj", "{6E627560-4CDC-4480-B78C-0A3FFC4D30CF}"
EndProject
Project("{FAE04EC0-301F-11D3-BF4B-00C04F79EFBC}") = "ProblemC", "Codeforces\Contests\Round 943\ProblemC\ProblemC.csproj", "{782CFD32-8883-4758-BAA0-EBEA459C5E0A}"
EndProject
Project("{FAE04EC0-301F-11D3-BF4B-00C04F79EFBC}") = "ProblemD", "Codeforces\Contests\Round 943\ProblemD\ProblemD.csproj", "{A5266448-4A8D-4531-87A4-5F3254114BCE}"
EndProject
Project("{FAE04EC0-301F-11D3-BF4B-00C04F79EFBC}") = "ProblemE", "Codeforces\Contests\Round 943\ProblemE\ProblemE.csproj", "{1B510BF8-8699-44F6-89F3-10A49A8C1569}"
EndProject
Project("{2150E333-8FDC-42A3-9474-1A3956D46DE8}") = "Round946", "Round946", "{46358AD9-CAD0-4372-9520-EA9252CDA556}"
EndProject
Project("{FAE04EC0-301F-11D3-BF4B-00C04F79EFBC}") = "ProblemA", "Codeforces\Contests\Round946\ProblemA\ProblemA.csproj", "{A5C8293B-8956-4814-8226-89CF50E801D6}"
EndProject
Project("{FAE04EC0-301F-11D3-BF4B-00C04F79EFBC}") = "ProblemB", "Codeforces\Contests\Round946\ProblemB\ProblemB.csproj", "{43FBEB0E-40F5-46F2-96CD-155A39E6C208}"
EndProject
Project("{FAE04EC0-301F-11D3-BF4B-00C04F79EFBC}") = "ProblemD", "Codeforces\Contests\Round946\ProblemD\ProblemD.csproj", "{D94405F2-9D81-44B9-81C5-CD652B28FA83}"
EndProject
Project("{2150E333-8FDC-42A3-9474-1A3956D46DE8}") = "DailyProblems", "DailyProblems", "{0ED88B54-2D6C-4EB4-B006-4AD91682385D}"
EndProject
Global
	GlobalSection(SolutionConfigurationPlatforms) = preSolution
		Debug|Any CPU = Debug|Any CPU
		Release|Any CPU = Release|Any CPU
	EndGlobalSection
	GlobalSection(NestedProjects) = preSolution
		{81DEFA4E-310F-496C-8C5D-BB5A20D76EC9} = {FF62FF68-38DA-4685-8829-0D3179BA3C2C}
		{DF6813C8-F579-48B6-88F1-8B0F9BE04BB1} = {81DEFA4E-310F-496C-8C5D-BB5A20D76EC9}
		{B9CB226F-4052-41DB-9A15-A03F66094EDB} = {DF6813C8-F579-48B6-88F1-8B0F9BE04BB1}
		{467174FC-39CA-48BA-A970-992B66409CE6} = {DF6813C8-F579-48B6-88F1-8B0F9BE04BB1}
		{E69B688D-9303-4D3E-89E7-09330026F705} = {DF6813C8-F579-48B6-88F1-8B0F9BE04BB1}
		{DAC24269-ADB4-412D-A085-989A5421AD6C} = {DF6813C8-F579-48B6-88F1-8B0F9BE04BB1}
		{126A2EF9-4DC5-4C4C-AF9A-CA015F9CEFE1} = {DF6813C8-F579-48B6-88F1-8B0F9BE04BB1}
		{D01FD409-F3F9-480A-B07B-7078EBE5B056} = {DF6813C8-F579-48B6-88F1-8B0F9BE04BB1}
		{20CFE288-C05F-416D-902A-1B641DCE8A16} = {DF6813C8-F579-48B6-88F1-8B0F9BE04BB1}
		{45784DB6-9641-4F16-A13D-2D4187888896} = {DF6813C8-F579-48B6-88F1-8B0F9BE04BB1}
		{3FAF87AF-30DB-4929-95AB-B016161A6F7E} = {DF6813C8-F579-48B6-88F1-8B0F9BE04BB1}
		{952DAD90-6AE9-41E2-A3F0-A1E494EC54E4} = {DF6813C8-F579-48B6-88F1-8B0F9BE04BB1}
		{6B1E8B1F-397C-4B12-908D-6701C8B3B271} = {81DEFA4E-310F-496C-8C5D-BB5A20D76EC9}
		{BCE7A23B-3C82-4FCF-82E9-FFAC3FB3F08D} = {6B1E8B1F-397C-4B12-908D-6701C8B3B271}
		{6E627560-4CDC-4480-B78C-0A3FFC4D30CF} = {6B1E8B1F-397C-4B12-908D-6701C8B3B271}
		{782CFD32-8883-4758-BAA0-EBEA459C5E0A} = {6B1E8B1F-397C-4B12-908D-6701C8B3B271}
		{A5266448-4A8D-4531-87A4-5F3254114BCE} = {6B1E8B1F-397C-4B12-908D-6701C8B3B271}
		{1B510BF8-8699-44F6-89F3-10A49A8C1569} = {6B1E8B1F-397C-4B12-908D-6701C8B3B271}
		{46358AD9-CAD0-4372-9520-EA9252CDA556} = {81DEFA4E-310F-496C-8C5D-BB5A20D76EC9}
		{A5C8293B-8956-4814-8226-89CF50E801D6} = {46358AD9-CAD0-4372-9520-EA9252CDA556}
		{43FBEB0E-40F5-46F2-96CD-155A39E6C208} = {46358AD9-CAD0-4372-9520-EA9252CDA556}
		{D94405F2-9D81-44B9-81C5-CD652B28FA83} = {46358AD9-CAD0-4372-9520-EA9252CDA556}
		{0ED88B54-2D6C-4EB4-B006-4AD91682385D} = {44AE1D6E-B3C4-4FE5-9D15-8C6DD0075464}
		{579FF05F-EE80-4676-969F-94D7901CC4B8} = {0ED88B54-2D6C-4EB4-B006-4AD91682385D}
	EndGlobalSection
	GlobalSection(ProjectConfigurationPlatforms) = postSolution
		{579FF05F-EE80-4676-969F-94D7901CC4B8}.Debug|Any CPU.ActiveCfg = Debug|Any CPU
		{579FF05F-EE80-4676-969F-94D7901CC4B8}.Debug|Any CPU.Build.0 = Debug|Any CPU
		{579FF05F-EE80-4676-969F-94D7901CC4B8}.Release|Any CPU.ActiveCfg = Release|Any CPU
		{579FF05F-EE80-4676-969F-94D7901CC4B8}.Release|Any CPU.Build.0 = Release|Any CPU
		{B9CB226F-4052-41DB-9A15-A03F66094EDB}.Debug|Any CPU.ActiveCfg = Debug|Any CPU
		{B9CB226F-4052-41DB-9A15-A03F66094EDB}.Debug|Any CPU.Build.0 = Debug|Any CPU
		{B9CB226F-4052-41DB-9A15-A03F66094EDB}.Release|Any CPU.ActiveCfg = Release|Any CPU
		{B9CB226F-4052-41DB-9A15-A03F66094EDB}.Release|Any CPU.Build.0 = Release|Any CPU
		{467174FC-39CA-48BA-A970-992B66409CE6}.Debug|Any CPU.ActiveCfg = Debug|Any CPU
		{467174FC-39CA-48BA-A970-992B66409CE6}.Debug|Any CPU.Build.0 = Debug|Any CPU
		{467174FC-39CA-48BA-A970-992B66409CE6}.Release|Any CPU.ActiveCfg = Release|Any CPU
		{467174FC-39CA-48BA-A970-992B66409CE6}.Release|Any CPU.Build.0 = Release|Any CPU
		{E69B688D-9303-4D3E-89E7-09330026F705}.Debug|Any CPU.ActiveCfg = Debug|Any CPU
		{E69B688D-9303-4D3E-89E7-09330026F705}.Debug|Any CPU.Build.0 = Debug|Any CPU
		{E69B688D-9303-4D3E-89E7-09330026F705}.Release|Any CPU.ActiveCfg = Release|Any CPU
		{E69B688D-9303-4D3E-89E7-09330026F705}.Release|Any CPU.Build.0 = Release|Any CPU
		{DAC24269-ADB4-412D-A085-989A5421AD6C}.Debug|Any CPU.ActiveCfg = Debug|Any CPU
		{DAC24269-ADB4-412D-A085-989A5421AD6C}.Debug|Any CPU.Build.0 = Debug|Any CPU
		{DAC24269-ADB4-412D-A085-989A5421AD6C}.Release|Any CPU.ActiveCfg = Release|Any CPU
		{DAC24269-ADB4-412D-A085-989A5421AD6C}.Release|Any CPU.Build.0 = Release|Any CPU
		{126A2EF9-4DC5-4C4C-AF9A-CA015F9CEFE1}.Debug|Any CPU.ActiveCfg = Debug|Any CPU
		{126A2EF9-4DC5-4C4C-AF9A-CA015F9CEFE1}.Debug|Any CPU.Build.0 = Debug|Any CPU
		{126A2EF9-4DC5-4C4C-AF9A-CA015F9CEFE1}.Release|Any CPU.ActiveCfg = Release|Any CPU
		{126A2EF9-4DC5-4C4C-AF9A-CA015F9CEFE1}.Release|Any CPU.Build.0 = Release|Any CPU
		{D01FD409-F3F9-480A-B07B-7078EBE5B056}.Debug|Any CPU.ActiveCfg = Debug|Any CPU
		{D01FD409-F3F9-480A-B07B-7078EBE5B056}.Debug|Any CPU.Build.0 = Debug|Any CPU
		{D01FD409-F3F9-480A-B07B-7078EBE5B056}.Release|Any CPU.ActiveCfg = Release|Any CPU
		{D01FD409-F3F9-480A-B07B-7078EBE5B056}.Release|Any CPU.Build.0 = Release|Any CPU
		{20CFE288-C05F-416D-902A-1B641DCE8A16}.Debug|Any CPU.ActiveCfg = Debug|Any CPU
		{20CFE288-C05F-416D-902A-1B641DCE8A16}.Debug|Any CPU.Build.0 = Debug|Any CPU
		{20CFE288-C05F-416D-902A-1B641DCE8A16}.Release|Any CPU.ActiveCfg = Release|Any CPU
		{20CFE288-C05F-416D-902A-1B641DCE8A16}.Release|Any CPU.Build.0 = Release|Any CPU
		{45784DB6-9641-4F16-A13D-2D4187888896}.Debug|Any CPU.ActiveCfg = Debug|Any CPU
		{45784DB6-9641-4F16-A13D-2D4187888896}.Debug|Any CPU.Build.0 = Debug|Any CPU
		{45784DB6-9641-4F16-A13D-2D4187888896}.Release|Any CPU.ActiveCfg = Release|Any CPU
		{45784DB6-9641-4F16-A13D-2D4187888896}.Release|Any CPU.Build.0 = Release|Any CPU
		{3FAF87AF-30DB-4929-95AB-B016161A6F7E}.Debug|Any CPU.ActiveCfg = Debug|Any CPU
		{3FAF87AF-30DB-4929-95AB-B016161A6F7E}.Debug|Any CPU.Build.0 = Debug|Any CPU
		{3FAF87AF-30DB-4929-95AB-B016161A6F7E}.Release|Any CPU.ActiveCfg = Release|Any CPU
		{3FAF87AF-30DB-4929-95AB-B016161A6F7E}.Release|Any CPU.Build.0 = Release|Any CPU
		{952DAD90-6AE9-41E2-A3F0-A1E494EC54E4}.Debug|Any CPU.ActiveCfg = Debug|Any CPU
		{952DAD90-6AE9-41E2-A3F0-A1E494EC54E4}.Debug|Any CPU.Build.0 = Debug|Any CPU
		{952DAD90-6AE9-41E2-A3F0-A1E494EC54E4}.Release|Any CPU.ActiveCfg = Release|Any CPU
		{952DAD90-6AE9-41E2-A3F0-A1E494EC54E4}.Release|Any CPU.Build.0 = Release|Any CPU
		{BCE7A23B-3C82-4FCF-82E9-FFAC3FB3F08D}.Debug|Any CPU.ActiveCfg = Debug|Any CPU
		{BCE7A23B-3C82-4FCF-82E9-FFAC3FB3F08D}.Debug|Any CPU.Build.0 = Debug|Any CPU
		{BCE7A23B-3C82-4FCF-82E9-FFAC3FB3F08D}.Release|Any CPU.ActiveCfg = Release|Any CPU
		{BCE7A23B-3C82-4FCF-82E9-FFAC3FB3F08D}.Release|Any CPU.Build.0 = Release|Any CPU
		{6E627560-4CDC-4480-B78C-0A3FFC4D30CF}.Debug|Any CPU.ActiveCfg = Debug|Any CPU
		{6E627560-4CDC-4480-B78C-0A3FFC4D30CF}.Debug|Any CPU.Build.0 = Debug|Any CPU
		{6E627560-4CDC-4480-B78C-0A3FFC4D30CF}.Release|Any CPU.ActiveCfg = Release|Any CPU
		{6E627560-4CDC-4480-B78C-0A3FFC4D30CF}.Release|Any CPU.Build.0 = Release|Any CPU
		{782CFD32-8883-4758-BAA0-EBEA459C5E0A}.Debug|Any CPU.ActiveCfg = Debug|Any CPU
		{782CFD32-8883-4758-BAA0-EBEA459C5E0A}.Debug|Any CPU.Build.0 = Debug|Any CPU
		{782CFD32-8883-4758-BAA0-EBEA459C5E0A}.Release|Any CPU.ActiveCfg = Release|Any CPU
		{782CFD32-8883-4758-BAA0-EBEA459C5E0A}.Release|Any CPU.Build.0 = Release|Any CPU
		{A5266448-4A8D-4531-87A4-5F3254114BCE}.Debug|Any CPU.ActiveCfg = Debug|Any CPU
		{A5266448-4A8D-4531-87A4-5F3254114BCE}.Debug|Any CPU.Build.0 = Debug|Any CPU
		{A5266448-4A8D-4531-87A4-5F3254114BCE}.Release|Any CPU.ActiveCfg = Release|Any CPU
		{A5266448-4A8D-4531-87A4-5F3254114BCE}.Release|Any CPU.Build.0 = Release|Any CPU
		{1B510BF8-8699-44F6-89F3-10A49A8C1569}.Debug|Any CPU.ActiveCfg = Debug|Any CPU
		{1B510BF8-8699-44F6-89F3-10A49A8C1569}.Debug|Any CPU.Build.0 = Debug|Any CPU
		{1B510BF8-8699-44F6-89F3-10A49A8C1569}.Release|Any CPU.ActiveCfg = Release|Any CPU
		{1B510BF8-8699-44F6-89F3-10A49A8C1569}.Release|Any CPU.Build.0 = Release|Any CPU
		{A5C8293B-8956-4814-8226-89CF50E801D6}.Debug|Any CPU.ActiveCfg = Debug|Any CPU
		{A5C8293B-8956-4814-8226-89CF50E801D6}.Debug|Any CPU.Build.0 = Debug|Any CPU
		{A5C8293B-8956-4814-8226-89CF50E801D6}.Release|Any CPU.ActiveCfg = Release|Any CPU
		{A5C8293B-8956-4814-8226-89CF50E801D6}.Release|Any CPU.Build.0 = Release|Any CPU
		{43FBEB0E-40F5-46F2-96CD-155A39E6C208}.Debug|Any CPU.ActiveCfg = Debug|Any CPU
		{43FBEB0E-40F5-46F2-96CD-155A39E6C208}.Debug|Any CPU.Build.0 = Debug|Any CPU
		{43FBEB0E-40F5-46F2-96CD-155A39E6C208}.Release|Any CPU.ActiveCfg = Release|Any CPU
		{43FBEB0E-40F5-46F2-96CD-155A39E6C208}.Release|Any CPU.Build.0 = Release|Any CPU
		{D94405F2-9D81-44B9-81C5-CD652B28FA83}.Debug|Any CPU.ActiveCfg = Debug|Any CPU
		{D94405F2-9D81-44B9-81C5-CD652B28FA83}.Debug|Any CPU.Build.0 = Debug|Any CPU
		{D94405F2-9D81-44B9-81C5-CD652B28FA83}.Release|Any CPU.ActiveCfg = Release|Any CPU
		{D94405F2-9D81-44B9-81C5-CD652B28FA83}.Release|Any CPU.Build.0 = Release|Any CPU
	EndGlobalSection
EndGlobal
